
Microsoft Visual Studio Solution File, Format Version 12.00
# Visual Studio Version 17
VisualStudioVersion = 17.9.34622.214
MinimumVisualStudioVersion = 10.0.40219.1
Project("{FAE04EC0-301F-11D3-BF4B-00C04F79EFBC}") = "FileBrowser", "FileBrowser.csproj", "{9CD7E37C-17C1-40AD-8473-7440F7B9E4F0}"
EndProject
Global
	GlobalSection(SolutionConfigurationPlatforms) = preSolution
		Debug|Any CPU = Debug|Any CPU
		Release|Any CPU = Release|Any CPU
	EndGlobalSection
	GlobalSection(ProjectConfigurationPlatforms) = postSolution
		{9CD7E37C-17C1-40AD-8473-7440F7B9E4F0}.Debug|Any CPU.ActiveCfg = Debug|Any CPU
		{9CD7E37C-17C1-40AD-8473-7440F7B9E4F0}.Debug|Any CPU.Build.0 = Debug|Any CPU
		{9CD7E37C-17C1-40AD-8473-7440F7B9E4F0}.Release|Any CPU.ActiveCfg = Release|Any CPU
		{9CD7E37C-17C1-40AD-8473-7440F7B9E4F0}.Release|Any CPU.Build.0 = Release|Any CPU
	EndGlobalSection
	GlobalSection(SolutionProperties) = preSolution
		HideSolutionNode = FALSE
	EndGlobalSection
	GlobalSection(ExtensibilityGlobals) = postSolution
		SolutionGuid = {1AF67A15-6810-44D1-AB48-BDE03E80EC9D}
	EndGlobalSection
EndGlobal
